
Microsoft Visual Studio Solution File, Format Version 12.00
# Visual Studio Version 17
VisualStudioVersion = 17.3.32901.215
MinimumVisualStudioVersion = 10.0.40219.1
Project("{9A19103F-16F7-4668-BE54-9A1E7A4F7556}") = "GV.StopWatch.UI", "GV.StopWatch.UI\GV.StopWatch.UI.csproj", "{F3E06794-3DA5-4EC7-B981-05CD94F50606}"
EndProject
Project("{9A19103F-16F7-4668-BE54-9A1E7A4F7556}") = "GVP.Stopwatch.BL", "GVP.Stopwatch.BL\GVP.Stopwatch.BL.csproj", "{68263C91-3BD3-4C42-A55F-0DCCB4469EC7}"
EndProject
Project("{FAE04EC0-301F-11D3-BF4B-00C04F79EFBC}") = "GV.Stopwatch.BL.Test", "GV.Stopwatch.BL.Test\GV.Stopwatch.BL.Test.csproj", "{0C418A0A-42BE-4FCB-B289-6A555E572FEE}"
EndProject
Global
	GlobalSection(SolutionConfigurationPlatforms) = preSolution
		Debug|Any CPU = Debug|Any CPU
		Release|Any CPU = Release|Any CPU
	EndGlobalSection
	GlobalSection(ProjectConfigurationPlatforms) = postSolution
		{F3E06794-3DA5-4EC7-B981-05CD94F50606}.Debug|Any CPU.ActiveCfg = Debug|Any CPU
		{F3E06794-3DA5-4EC7-B981-05CD94F50606}.Debug|Any CPU.Build.0 = Debug|Any CPU
		{F3E06794-3DA5-4EC7-B981-05CD94F50606}.Release|Any CPU.ActiveCfg = Release|Any CPU
		{F3E06794-3DA5-4EC7-B981-05CD94F50606}.Release|Any CPU.Build.0 = Release|Any CPU
		{68263C91-3BD3-4C42-A55F-0DCCB4469EC7}.Debug|Any CPU.ActiveCfg = Debug|Any CPU
		{68263C91-3BD3-4C42-A55F-0DCCB4469EC7}.Debug|Any CPU.Build.0 = Debug|Any CPU
		{68263C91-3BD3-4C42-A55F-0DCCB4469EC7}.Release|Any CPU.ActiveCfg = Release|Any CPU
		{68263C91-3BD3-4C42-A55F-0DCCB4469EC7}.Release|Any CPU.Build.0 = Release|Any CPU
		{0C418A0A-42BE-4FCB-B289-6A555E572FEE}.Debug|Any CPU.ActiveCfg = Debug|Any CPU
		{0C418A0A-42BE-4FCB-B289-6A555E572FEE}.Debug|Any CPU.Build.0 = Debug|Any CPU
		{0C418A0A-42BE-4FCB-B289-6A555E572FEE}.Release|Any CPU.ActiveCfg = Release|Any CPU
		{0C418A0A-42BE-4FCB-B289-6A555E572FEE}.Release|Any CPU.Build.0 = Release|Any CPU
	EndGlobalSection
	GlobalSection(SolutionProperties) = preSolution
		HideSolutionNode = FALSE
	EndGlobalSection
	GlobalSection(ExtensibilityGlobals) = postSolution
		SolutionGuid = {B18F1358-C993-49C9-A38C-70CCBB65769D}
	EndGlobalSection
EndGlobal
